
Microsoft Visual Studio Solution File, Format Version 12.00
# Visual Studio Version 17
VisualStudioVersion = 17.7.34221.43
MinimumVisualStudioVersion = 10.0.40219.1
Project("{8BC9CEB8-8B4A-11D0-8D11-00A0C91BC942}") = "Engine", "Engine\Engine.vcxproj", "{26104B8E-691D-4B45-80CD-667B420975EC}"
EndProject
Project("{8BC9CEB8-8B4A-11D0-8D11-00A0C91BC942}") = "Tests", "Tests\Tests.vcxproj", "{0F979944-8F3E-437D-ABCB-A3B2A15A1E07}"
	ProjectSection(ProjectDependencies) = postProject
		{26104B8E-691D-4B45-80CD-667B420975EC} = {26104B8E-691D-4B45-80CD-667B420975EC}
	EndProjectSection
EndProject
Project("{2150E333-8FDC-42A3-9474-1A3956D46DE8}") = "Solution Items", "Solution Items", "{3065007A-9CA7-4711-9CDC-99FF2A033783}"
	ProjectSection(SolutionItems) = preProject
		.gitignore = .gitignore
	EndProjectSection
EndProject
Global
	GlobalSection(SolutionConfigurationPlatforms) = preSolution
		Debug|x64 = Debug|x64
		Debug|x86 = Debug|x86
		Release|x64 = Release|x64
		Release|x86 = Release|x86
	EndGlobalSection
	GlobalSection(ProjectConfigurationPlatforms) = postSolution
		{26104B8E-691D-4B45-80CD-667B420975EC}.Debug|x64.ActiveCfg = Debug|x64
		{26104B8E-691D-4B45-80CD-667B420975EC}.Debug|x64.Build.0 = Debug|x64
		{26104B8E-691D-4B45-80CD-667B420975EC}.Debug|x86.ActiveCfg = Debug|Win32
		{26104B8E-691D-4B45-80CD-667B420975EC}.Debug|x86.Build.0 = Debug|Win32
		{26104B8E-691D-4B45-80CD-667B420975EC}.Release|x64.ActiveCfg = Release|x64
		{26104B8E-691D-4B45-80CD-667B420975EC}.Release|x64.Build.0 = Release|x64
		{26104B8E-691D-4B45-80CD-667B420975EC}.Release|x86.ActiveCfg = Release|Win32
		{26104B8E-691D-4B45-80CD-667B420975EC}.Release|x86.Build.0 = Release|Win32
		{0F979944-8F3E-437D-ABCB-A3B2A15A1E07}.Debug|x64.ActiveCfg = Debug|x64
		{0F979944-8F3E-437D-ABCB-A3B2A15A1E07}.Debug|x64.Build.0 = Debug|x64
		{0F979944-8F3E-437D-ABCB-A3B2A15A1E07}.Debug|x86.ActiveCfg = Debug|Win32
		{0F979944-8F3E-437D-ABCB-A3B2A15A1E07}.Debug|x86.Build.0 = Debug|Win32
		{0F979944-8F3E-437D-ABCB-A3B2A15A1E07}.Release|x64.ActiveCfg = Release|x64
		{0F979944-8F3E-437D-ABCB-A3B2A15A1E07}.Release|x64.Build.0 = Release|x64
		{0F979944-8F3E-437D-ABCB-A3B2A15A1E07}.Release|x86.ActiveCfg = Release|Win32
		{0F979944-8F3E-437D-ABCB-A3B2A15A1E07}.Release|x86.Build.0 = Release|Win32
	EndGlobalSection
	GlobalSection(SolutionProperties) = preSolution
		HideSolutionNode = FALSE
	EndGlobalSection
	GlobalSection(ExtensibilityGlobals) = postSolution
		SolutionGuid = {C56C6AE0-478E-4EBA-90F4-C73F05249AB1}
	EndGlobalSection
EndGlobal
